
Microsoft Visual Studio Solution File, Format Version 12.00
# Visual Studio Version 17
VisualStudioVersion = 17.13.35919.96
MinimumVisualStudioVersion = 10.0.40219.1
Project("{FAE04EC0-301F-11D3-BF4B-00C04F79EFBC}") = "Poc.VerticalSlice.WebApi", "Poc.VerticalSlice.WebApi\Poc.VerticalSlice.WebApi.csproj", "{6C531BE2-03CA-51AF-B77A-30B018E28EF0}"
EndProject
Global
	GlobalSection(SolutionConfigurationPlatforms) = preSolution
		Debug|Any CPU = Debug|Any CPU
		Release|Any CPU = Release|Any CPU
	EndGlobalSection
	GlobalSection(ProjectConfigurationPlatforms) = postSolution
		{6C531BE2-03CA-51AF-B77A-30B018E28EF0}.Debug|Any CPU.ActiveCfg = Debug|Any CPU
		{6C531BE2-03CA-51AF-B77A-30B018E28EF0}.Debug|Any CPU.Build.0 = Debug|Any CPU
		{6C531BE2-03CA-51AF-B77A-30B018E28EF0}.Release|Any CPU.ActiveCfg = Release|Any CPU
		{6C531BE2-03CA-51AF-B77A-30B018E28EF0}.Release|Any CPU.Build.0 = Release|Any CPU
	EndGlobalSection
	GlobalSection(SolutionProperties) = preSolution
		HideSolutionNode = FALSE
	EndGlobalSection
	GlobalSection(ExtensibilityGlobals) = postSolution
		SolutionGuid = {7A74E144-00CA-4B11-A0F3-33036DFF80F2}
	EndGlobalSection
EndGlobal
